
Microsoft Visual Studio Solution File, Format Version 12.00
# Visual Studio 15
VisualStudioVersion = 15.0.28306.52
MinimumVisualStudioVersion = 10.0.40219.1
Project("{8BC9CEB8-8B4A-11D0-8D11-00A0C91BC942}") = "MAX7219", "example\MAX7219.vcxproj", "{1BB7BF99-A8BD-4751-9216-39EEF1579776}"
EndProject
Global
	GlobalSection(SolutionConfigurationPlatforms) = preSolution
		Debug|VisualGDB = Debug|VisualGDB
		Release|VisualGDB = Release|VisualGDB
	EndGlobalSection
	GlobalSection(ProjectConfigurationPlatforms) = postSolution
		{1BB7BF99-A8BD-4751-9216-39EEF1579776}.Debug|VisualGDB.ActiveCfg = Debug|VisualGDB
		{1BB7BF99-A8BD-4751-9216-39EEF1579776}.Debug|VisualGDB.Build.0 = Debug|VisualGDB
		{1BB7BF99-A8BD-4751-9216-39EEF1579776}.Release|VisualGDB.ActiveCfg = Release|VisualGDB
		{1BB7BF99-A8BD-4751-9216-39EEF1579776}.Release|VisualGDB.Build.0 = Release|VisualGDB
	EndGlobalSection
	GlobalSection(SolutionProperties) = preSolution
		HideSolutionNode = FALSE
	EndGlobalSection
	GlobalSection(ExtensibilityGlobals) = postSolution
		SolutionGuid = {F911633C-1959-4EC4-A8BF-5A26F82D4658}
	EndGlobalSection
EndGlobal
